{
  "version": 4,
  "terraform_version": "1.6.3",
  "serial": 19,
  "lineage": "128eae52-6bd6-647a-8781-a88320877c5b",
  "outputs": {},
  "resources": [
    {
      "module": "module.snowflake_resources",
      "mode": "managed",
      "type": "snowflake_database",
      "name": "tf_demo",
      "provider": "provider[\"registry.terraform.io/snowflake-labs/snowflake\"]",
      "instances": [
        {
          "schema_version": 0,
          "attributes": {
            "comment": "",
            "data_retention_time_in_days": 1,
            "from_database": null,
            "from_replica": null,
            "from_share": null,
            "id": "TF_DEMO_STAGING",
            "is_transient": false,
            "name": "TF_DEMO_STAGING",
            "replication_configuration": []
          },
          "sensitive_attributes": [],
          "private": "bnVsbA=="
        }
      ]
    },
    {
      "module": "module.snowflake_resources",
      "mode": "managed",
      "type": "snowflake_database_grant",
      "name": "database_ro_grant",
      "provider": "provider[\"registry.terraform.io/snowflake-labs/snowflake\"]",
      "instances": [
        {
          "schema_version": 0,
          "attributes": {
            "database_name": "TF_DEMO_STAGING",
            "enable_multiple_grants": false,
            "id": "TF_DEMO_STAGING|USAGE|false|TF_DEMO_READER|",
            "privilege": "USAGE",
            "revert_ownership_to_role_name": null,
            "roles": [
              "TF_DEMO_READER"
            ],
            "shares": [],
            "with_grant_option": false
          },
          "sensitive_attributes": [],
          "private": "bnVsbA==",
          "dependencies": [
            "module.snowflake_resources.snowflake_database.tf_demo"
          ]
        }
      ]
    },
    {
      "module": "module.snowflake_resources",
      "mode": "managed",
      "type": "snowflake_database_role",
      "name": "db_role",
      "provider": "provider[\"registry.terraform.io/snowflake-labs/snowflake\"]",
      "instances": [
        {
          "schema_version": 0,
          "attributes": {
            "comment": "my db role",
            "database": "TF_DEMO_STAGING",
            "id": "TF_DEMO_STAGING|TF_DEMO_READER",
            "name": "TF_DEMO_READER"
          },
          "sensitive_attributes": [],
          "private": "bnVsbA==",
          "dependencies": [
            "module.snowflake_resources.snowflake_database.tf_demo"
          ]
        }
      ]
    },
    {
      "module": "module.snowflake_resources",
      "mode": "managed",
      "type": "snowflake_role_grants",
      "name": "demo_role_grants",
      "provider": "provider[\"registry.terraform.io/snowflake-labs/snowflake\"]",
      "instances": [
        {
          "schema_version": 0,
          "attributes": {
            "enable_multiple_grants": false,
            "id": "TF_DEMO_READER||NISAR",
            "role_name": "TF_DEMO_READER",
            "roles": null,
            "users": [
              "NISAR"
            ]
          },
          "sensitive_attributes": [],
          "private": "bnVsbA==",
          "dependencies": [
            "module.snowflake_resources.snowflake_database.tf_demo",
            "module.snowflake_resources.snowflake_database_role.db_role"
          ]
        }
      ]
    },
    {
      "module": "module.snowflake_resources",
      "mode": "managed",
      "type": "snowflake_schema",
      "name": "tf_schema",
      "provider": "provider[\"registry.terraform.io/snowflake-labs/snowflake\"]",
      "instances": [
        {
          "schema_version": 0,
          "attributes": {
            "comment": "",
            "data_retention_days": 1,
            "database": "TF_DEMO_STAGING",
            "id": "TF_DEMO_STAGING|SCHEMA1",
            "is_managed": false,
            "is_transient": false,
            "name": "SCHEMA1",
            "tag": []
          },
          "sensitive_attributes": [],
          "private": "bnVsbA==",
          "dependencies": [
            "module.snowflake_resources.snowflake_database.tf_demo"
          ]
        }
      ]
    },
    {
      "module": "module.snowflake_resources",
      "mode": "managed",
      "type": "snowflake_schema_grant",
      "name": "schema_ro_grant",
      "provider": "provider[\"registry.terraform.io/snowflake-labs/snowflake\"]",
      "instances": [
        {
          "schema_version": 0,
          "attributes": {
            "database_name": "TF_DEMO_STAGING",
            "enable_multiple_grants": false,
            "id": "TF_DEMO_STAGING|SCHEMA1|USAGE|false|false|false|TF_DEMO_READER|",
            "on_all": false,
            "on_future": false,
            "privilege": "USAGE",
            "revert_ownership_to_role_name": null,
            "roles": [
              "TF_DEMO_READER"
            ],
            "schema_name": "SCHEMA1",
            "shares": [],
            "with_grant_option": false
          },
          "sensitive_attributes": [],
          "private": "bnVsbA==",
          "dependencies": [
            "module.snowflake_resources.snowflake_database.tf_demo",
            "module.snowflake_resources.snowflake_schema.tf_schema"
          ]
        }
      ]
    },
    {
      "module": "module.snowflake_resources",
      "mode": "managed",
      "type": "snowflake_table_grant",
      "name": "table_ro_grant",
      "provider": "provider[\"registry.terraform.io/snowflake-labs/snowflake\"]",
      "instances": [
        {
          "schema_version": 0,
          "attributes": {
            "database_name": "TF_DEMO_STAGING",
            "enable_multiple_grants": false,
            "id": "TF_DEMO_STAGING|SCHEMA1||SELECT|false|true|false|TF_DEMO_READER|",
            "on_all": false,
            "on_future": true,
            "privilege": "SELECT",
            "revert_ownership_to_role_name": null,
            "roles": [
              "TF_DEMO_READER"
            ],
            "schema_name": "SCHEMA1",
            "shares": null,
            "table_name": null,
            "with_grant_option": false
          },
          "sensitive_attributes": [],
          "private": "bnVsbA==",
          "dependencies": [
            "module.snowflake_resources.snowflake_database.tf_demo",
            "module.snowflake_resources.snowflake_schema.tf_schema"
          ]
        }
      ]
    },
    {
      "module": "module.snowflake_resources",
      "mode": "managed",
      "type": "snowflake_view_grant",
      "name": "view_ro_grant",
      "provider": "provider[\"registry.terraform.io/snowflake-labs/snowflake\"]",
      "instances": [
        {
          "schema_version": 0,
          "attributes": {
            "database_name": "TF_DEMO_STAGING",
            "enable_multiple_grants": false,
            "id": "TF_DEMO_STAGING|SCHEMA1||SELECT|false|true|false|TF_DEMO_READER|",
            "on_all": false,
            "on_future": true,
            "privilege": "SELECT",
            "revert_ownership_to_role_name": null,
            "roles": [
              "TF_DEMO_READER"
            ],
            "schema_name": "SCHEMA1",
            "shares": null,
            "view_name": null,
            "with_grant_option": false
          },
          "sensitive_attributes": [],
          "private": "bnVsbA==",
          "dependencies": [
            "module.snowflake_resources.snowflake_database.tf_demo",
            "module.snowflake_resources.snowflake_schema.tf_schema"
          ]
        }
      ]
    },
    {
      "module": "module.snowflake_resources",
      "mode": "managed",
      "type": "snowflake_warehouse",
      "name": "task_warehouse",
      "provider": "provider[\"registry.terraform.io/snowflake-labs/snowflake\"]",
      "instances": [
        {
          "schema_version": 0,
          "attributes": {
            "auto_resume": true,
            "auto_suspend": 1,
            "comment": "",
            "enable_query_acceleration": false,
            "id": "DEMO_TASK_WAREHOUSE_STAGING",
            "initially_suspended": null,
            "max_cluster_count": 1,
            "max_concurrency_level": 8,
            "min_cluster_count": 1,
            "name": "DEMO_TASK_WAREHOUSE_STAGING",
            "query_acceleration_max_scale_factor": 8,
            "resource_monitor": "null",
            "scaling_policy": "STANDARD",
            "statement_queued_timeout_in_seconds": 0,
            "statement_timeout_in_seconds": 172800,
            "wait_for_provisioning": null,
            "warehouse_size": "SMALL",
            "warehouse_type": "STANDARD"
          },
          "sensitive_attributes": [],
          "private": "bnVsbA=="
        }
      ]
    },
    {
      "module": "module.snowflake_resources",
      "mode": "managed",
      "type": "snowflake_warehouse_grant",
      "name": "warehouse_grant",
      "provider": "provider[\"registry.terraform.io/snowflake-labs/snowflake\"]",
      "instances": [
        {
          "schema_version": 0,
          "attributes": {
            "enable_multiple_grants": false,
            "id": "DEMO_TASK_WAREHOUSE_STAGING|USAGE|false|TF_DEMO_READER",
            "privilege": "USAGE",
            "revert_ownership_to_role_name": null,
            "roles": [
              "TF_DEMO_READER"
            ],
            "warehouse_name": "DEMO_TASK_WAREHOUSE_STAGING",
            "with_grant_option": false
          },
          "sensitive_attributes": [],
          "private": "bnVsbA==",
          "dependencies": [
            "module.snowflake_resources.snowflake_warehouse.task_warehouse"
          ]
        }
      ]
    }
  ],
  "check_results": null
}
